
Microsoft Visual Studio Solution File, Format Version 11.00
# Visual Studio 2010
Project("{FAE04EC0-301F-11D3-BF4B-00C04F79EFBC}") = "RichardAndNatalie", "RichardAndNatalie\RichardAndNatalie.csproj", "{0EA37A20-AF3C-41A2-A7D7-B01734BF988B}"
EndProject
Global
	GlobalSection(SolutionConfigurationPlatforms) = preSolution
		Debug|Any CPU = Debug|Any CPU
		Release|Any CPU = Release|Any CPU
	EndGlobalSection
	GlobalSection(ProjectConfigurationPlatforms) = postSolution
		{0EA37A20-AF3C-41A2-A7D7-B01734BF988B}.Debug|Any CPU.ActiveCfg = Debug|Any CPU
		{0EA37A20-AF3C-41A2-A7D7-B01734BF988B}.Debug|Any CPU.Build.0 = Debug|Any CPU
		{0EA37A20-AF3C-41A2-A7D7-B01734BF988B}.Release|Any CPU.ActiveCfg = Release|Any CPU
		{0EA37A20-AF3C-41A2-A7D7-B01734BF988B}.Release|Any CPU.Build.0 = Release|Any CPU
	EndGlobalSection
	GlobalSection(SolutionProperties) = preSolution
		HideSolutionNode = FALSE
	EndGlobalSection
EndGlobal
